
Microsoft Visual Studio Solution File, Format Version 12.00
# Visual Studio 15
VisualStudioVersion = 15.0.27004.2008
MinimumVisualStudioVersion = 10.0.40219.1
Project("{FAE04EC0-301F-11D3-BF4B-00C04F79EFBC}") = "SaltyHasher", "SaltyHasher\SaltyHasher.csproj", "{5F2C9C93-C56E-405E-AA9F-A02822D0160B}"
EndProject
Project("{FAE04EC0-301F-11D3-BF4B-00C04F79EFBC}") = "SaltyHasher.Test", "SaltyHasher.Test\SaltyHasher.Test.csproj", "{EADB1E19-FA91-47D4-87CF-FB341C108C61}"
EndProject
Global
	GlobalSection(SolutionConfigurationPlatforms) = preSolution
		Debug|Any CPU = Debug|Any CPU
		Release|Any CPU = Release|Any CPU
	EndGlobalSection
	GlobalSection(ProjectConfigurationPlatforms) = postSolution
		{5F2C9C93-C56E-405E-AA9F-A02822D0160B}.Debug|Any CPU.ActiveCfg = Debug|Any CPU
		{5F2C9C93-C56E-405E-AA9F-A02822D0160B}.Debug|Any CPU.Build.0 = Debug|Any CPU
		{5F2C9C93-C56E-405E-AA9F-A02822D0160B}.Release|Any CPU.ActiveCfg = Release|Any CPU
		{5F2C9C93-C56E-405E-AA9F-A02822D0160B}.Release|Any CPU.Build.0 = Release|Any CPU
		{EADB1E19-FA91-47D4-87CF-FB341C108C61}.Debug|Any CPU.ActiveCfg = Debug|Any CPU
		{EADB1E19-FA91-47D4-87CF-FB341C108C61}.Debug|Any CPU.Build.0 = Debug|Any CPU
		{EADB1E19-FA91-47D4-87CF-FB341C108C61}.Release|Any CPU.ActiveCfg = Release|Any CPU
		{EADB1E19-FA91-47D4-87CF-FB341C108C61}.Release|Any CPU.Build.0 = Release|Any CPU
	EndGlobalSection
	GlobalSection(SolutionProperties) = preSolution
		HideSolutionNode = FALSE
	EndGlobalSection
	GlobalSection(ExtensibilityGlobals) = postSolution
		SolutionGuid = {6DFD2038-FABC-4FA9-AE60-2AF5F930834F}
	EndGlobalSection
EndGlobal
